
Microsoft Visual Studio Solution File, Format Version 12.00
# Visual Studio 2012
Project("{FAE04EC0-301F-11D3-BF4B-00C04F79EFBC}") = "HelloWorld", "HelloWorld\HelloWorld.csproj", "{50104C0F-2FDD-4C39-9766-C7BD4F73CFEA}"
EndProject
Project("{FAE04EC0-301F-11D3-BF4B-00C04F79EFBC}") = "HelloWorld.iOS", "iOS\HelloWorld.iOS.csproj", "{108D2885-C036-45DD-9F27-FAA86C12424E}"
EndProject
Project("{FAE04EC0-301F-11D3-BF4B-00C04F79EFBC}") = "HelloWorld.Droid", "Droid\HelloWorld.Droid.csproj", "{9DD62119-D4A6-44C2-BC59-1ADB6AD4D9AB}"
EndProject
Global
	GlobalSection(SolutionConfigurationPlatforms) = preSolution
		Debug|Any CPU = Debug|Any CPU
		Release|Any CPU = Release|Any CPU
		Debug|iPhoneSimulator = Debug|iPhoneSimulator
		Release|iPhone = Release|iPhone
		Release|iPhoneSimulator = Release|iPhoneSimulator
		Debug|iPhone = Debug|iPhone
	EndGlobalSection
	GlobalSection(ProjectConfigurationPlatforms) = postSolution
		{50104C0F-2FDD-4C39-9766-C7BD4F73CFEA}.Debug|Any CPU.ActiveCfg = Debug|Any CPU
		{50104C0F-2FDD-4C39-9766-C7BD4F73CFEA}.Debug|Any CPU.Build.0 = Debug|Any CPU
		{50104C0F-2FDD-4C39-9766-C7BD4F73CFEA}.Release|Any CPU.ActiveCfg = Release|Any CPU
		{50104C0F-2FDD-4C39-9766-C7BD4F73CFEA}.Release|Any CPU.Build.0 = Release|Any CPU
		{50104C0F-2FDD-4C39-9766-C7BD4F73CFEA}.Debug|iPhoneSimulator.ActiveCfg = Debug|Any CPU
		{50104C0F-2FDD-4C39-9766-C7BD4F73CFEA}.Debug|iPhoneSimulator.Build.0 = Debug|Any CPU
		{50104C0F-2FDD-4C39-9766-C7BD4F73CFEA}.Release|iPhone.ActiveCfg = Release|Any CPU
		{50104C0F-2FDD-4C39-9766-C7BD4F73CFEA}.Release|iPhone.Build.0 = Release|Any CPU
		{50104C0F-2FDD-4C39-9766-C7BD4F73CFEA}.Release|iPhoneSimulator.ActiveCfg = Release|Any CPU
		{50104C0F-2FDD-4C39-9766-C7BD4F73CFEA}.Release|iPhoneSimulator.Build.0 = Release|Any CPU
		{50104C0F-2FDD-4C39-9766-C7BD4F73CFEA}.Debug|iPhone.ActiveCfg = Debug|Any CPU
		{50104C0F-2FDD-4C39-9766-C7BD4F73CFEA}.Debug|iPhone.Build.0 = Debug|Any CPU
		{108D2885-C036-45DD-9F27-FAA86C12424E}.Debug|Any CPU.ActiveCfg = Debug|iPhoneSimulator
		{108D2885-C036-45DD-9F27-FAA86C12424E}.Debug|Any CPU.Build.0 = Debug|iPhoneSimulator
		{108D2885-C036-45DD-9F27-FAA86C12424E}.Release|Any CPU.ActiveCfg = Release|iPhone
		{108D2885-C036-45DD-9F27-FAA86C12424E}.Release|Any CPU.Build.0 = Release|iPhone
		{108D2885-C036-45DD-9F27-FAA86C12424E}.Debug|iPhoneSimulator.ActiveCfg = Debug|iPhoneSimulator
		{108D2885-C036-45DD-9F27-FAA86C12424E}.Debug|iPhoneSimulator.Build.0 = Debug|iPhoneSimulator
		{108D2885-C036-45DD-9F27-FAA86C12424E}.Release|iPhone.ActiveCfg = Release|iPhone
		{108D2885-C036-45DD-9F27-FAA86C12424E}.Release|iPhone.Build.0 = Release|iPhone
		{108D2885-C036-45DD-9F27-FAA86C12424E}.Release|iPhoneSimulator.ActiveCfg = Release|iPhoneSimulator
		{108D2885-C036-45DD-9F27-FAA86C12424E}.Release|iPhoneSimulator.Build.0 = Release|iPhoneSimulator
		{108D2885-C036-45DD-9F27-FAA86C12424E}.Debug|iPhone.ActiveCfg = Debug|iPhone
		{108D2885-C036-45DD-9F27-FAA86C12424E}.Debug|iPhone.Build.0 = Debug|iPhone
		{9DD62119-D4A6-44C2-BC59-1ADB6AD4D9AB}.Debug|Any CPU.ActiveCfg = Debug|Any CPU
		{9DD62119-D4A6-44C2-BC59-1ADB6AD4D9AB}.Debug|Any CPU.Build.0 = Debug|Any CPU
		{9DD62119-D4A6-44C2-BC59-1ADB6AD4D9AB}.Release|Any CPU.ActiveCfg = Release|Any CPU
		{9DD62119-D4A6-44C2-BC59-1ADB6AD4D9AB}.Release|Any CPU.Build.0 = Release|Any CPU
		{9DD62119-D4A6-44C2-BC59-1ADB6AD4D9AB}.Debug|iPhoneSimulator.ActiveCfg = Debug|Any CPU
		{9DD62119-D4A6-44C2-BC59-1ADB6AD4D9AB}.Debug|iPhoneSimulator.Build.0 = Debug|Any CPU
		{9DD62119-D4A6-44C2-BC59-1ADB6AD4D9AB}.Release|iPhone.ActiveCfg = Release|Any CPU
		{9DD62119-D4A6-44C2-BC59-1ADB6AD4D9AB}.Release|iPhone.Build.0 = Release|Any CPU
		{9DD62119-D4A6-44C2-BC59-1ADB6AD4D9AB}.Release|iPhoneSimulator.ActiveCfg = Release|Any CPU
		{9DD62119-D4A6-44C2-BC59-1ADB6AD4D9AB}.Release|iPhoneSimulator.Build.0 = Release|Any CPU
		{9DD62119-D4A6-44C2-BC59-1ADB6AD4D9AB}.Debug|iPhone.ActiveCfg = Debug|Any CPU
		{9DD62119-D4A6-44C2-BC59-1ADB6AD4D9AB}.Debug|iPhone.Build.0 = Debug|Any CPU
	EndGlobalSection
EndGlobal
